// !$*UTF8*$!
{
	archiveVersion = 1;
	classes = {
	};
	objectVersion = 56;
	objects = {

/* Begin PBXBuildFile section */
		3771C78D2C7BAC080021C624 /* HorarioApp.swift in Sources */ = {isa = PBXBuildFile; fileRef = 3771C78C2C7BAC080021C624 /* HorarioApp.swift */; };
		3771C78F2C7BAC080021C624 /* ContentView.swift in Sources */ = {isa = PBXBuildFile; fileRef = 3771C78E2C7BAC080021C624 /* ContentView.swift */; };
		3771C7912C7BAC090021C624 /* Assets.xcassets in Resources */ = {isa = PBXBuildFile; fileRef = 3771C7902C7BAC090021C624 /* Assets.xcassets */; };
		3771C7942C7BAC090021C624 /* Preview Assets.xcassets in Resources */ = {isa = PBXBuildFile; fileRef = 3771C7932C7BAC090021C624 /* Preview Assets.xcassets */; };
		3771C79D2C7BAC810021C624 /* Home.swift in Sources */ = {isa = PBXBuildFile; fileRef = 3771C79C2C7BAC810021C624 /* Home.swift */; };
		3771C7A02C7BACD00021C624 /* Task.swift in Sources */ = {isa = PBXBuildFile; fileRef = 3771C79F2C7BACD00021C624 /* Task.swift */; };
		3771C7A62C7BAD720021C624 /* Date+Extensions.swift in Sources */ = {isa = PBXBuildFile; fileRef = 3771C7A42C7BAD720021C624 /* Date+Extensions.swift */; };
		3771C7A72C7BAD720021C624 /* View+Extensions.swift in Sources */ = {isa = PBXBuildFile; fileRef = 3771C7A52C7BAD720021C624 /* View+Extensions.swift */; };
		3771C7A92C7D4D560021C624 /* OffsetKey.swift in Sources */ = {isa = PBXBuildFile; fileRef = 3771C7A82C7D4D560021C624 /* OffsetKey.swift */; };
		3771C7AB2C7D55D90021C624 /* TaskRowView.swift in Sources */ = {isa = PBXBuildFile; fileRef = 3771C7AA2C7D55D90021C624 /* TaskRowView.swift */; };
		3771C7AD2C7D6D440021C624 /* NewTaskView.swift in Sources */ = {isa = PBXBuildFile; fileRef = 3771C7AC2C7D6D440021C624 /* NewTaskView.swift */; };
/* End PBXBuildFile section */

/* Begin PBXFileReference section */
		3771C7892C7BAC080021C624 /* Horario.app */ = {isa = PBXFileReference; explicitFileType = wrapper.application; includeInIndex = 0; path = Horario.app; sourceTree = BUILT_PRODUCTS_DIR; };
		3771C78C2C7BAC080021C624 /* HorarioApp.swift */ = {isa = PBXFileReference; lastKnownFileType = sourcecode.swift; path = HorarioApp.swift; sourceTree = "<group>"; };
		3771C78E2C7BAC080021C624 /* ContentView.swift */ = {isa = PBXFileReference; lastKnownFileType = sourcecode.swift; path = ContentView.swift; sourceTree = "<group>"; };
		3771C7902C7BAC090021C624 /* Assets.xcassets */ = {isa = PBXFileReference; lastKnownFileType = folder.assetcatalog; path = Assets.xcassets; sourceTree = "<group>"; };
		3771C7932C7BAC090021C624 /* Preview Assets.xcassets */ = {isa = PBXFileReference; lastKnownFileType = folder.assetcatalog; path = "Preview Assets.xcassets"; sourceTree = "<group>"; };
		3771C79C2C7BAC810021C624 /* Home.swift */ = {isa = PBXFileReference; lastKnownFileType = sourcecode.swift; path = Home.swift; sourceTree = "<group>"; };
		3771C79F2C7BACD00021C624 /* Task.swift */ = {isa = PBXFileReference; fileEncoding = 4; lastKnownFileType = sourcecode.swift; path = Task.swift; sourceTree = "<group>"; };
		3771C7A42C7BAD720021C624 /* Date+Extensions.swift */ = {isa = PBXFileReference; fileEncoding = 4; lastKnownFileType = sourcecode.swift; path = "Date+Extensions.swift"; sourceTree = "<group>"; };
		3771C7A52C7BAD720021C624 /* View+Extensions.swift */ = {isa = PBXFileReference; fileEncoding = 4; lastKnownFileType = sourcecode.swift; path = "View+Extensions.swift"; sourceTree = "<group>"; };
		3771C7A82C7D4D560021C624 /* OffsetKey.swift */ = {isa = PBXFileReference; lastKnownFileType = sourcecode.swift; path = OffsetKey.swift; sourceTree = "<group>"; };
		3771C7AA2C7D55D90021C624 /* TaskRowView.swift */ = {isa = PBXFileReference; lastKnownFileType = sourcecode.swift; path = TaskRowView.swift; sourceTree = "<group>"; };
		3771C7AC2C7D6D440021C624 /* NewTaskView.swift */ = {isa = PBXFileReference; lastKnownFileType = sourcecode.swift; path = NewTaskView.swift; sourceTree = "<group>"; };
/* End PBXFileReference section */

/* Begin PBXFrameworksBuildPhase section */
		3771C7862C7BAC080021C624 /* Frameworks */ = {
			isa = PBXFrameworksBuildPhase;
			buildActionMask = 2147483647;
			files = (
			);
			runOnlyForDeploymentPostprocessing = 0;
		};
/* End PBXFrameworksBuildPhase section */

/* Begin PBXGroup section */
		3771C7802C7BAC080021C624 = {
			isa = PBXGroup;
			children = (
				3771C78B2C7BAC080021C624 /* Horario */,
				3771C78A2C7BAC080021C624 /* Products */,
			);
			sourceTree = "<group>";
		};
		3771C78A2C7BAC080021C624 /* Products */ = {
			isa = PBXGroup;
			children = (
				3771C7892C7BAC080021C624 /* Horario.app */,
			);
			name = Products;
			sourceTree = "<group>";
		};
		3771C78B2C7BAC080021C624 /* Horario */ = {
			isa = PBXGroup;
			children = (
				3771C7A32C7BAD630021C624 /* Helpers */,
				3771C79E2C7BACC40021C624 /* Model */,
				3771C79A2C7BAC650021C624 /* View */,
				3771C78C2C7BAC080021C624 /* HorarioApp.swift */,
				3771C78E2C7BAC080021C624 /* ContentView.swift */,
				3771C7902C7BAC090021C624 /* Assets.xcassets */,
				3771C7922C7BAC090021C624 /* Preview Content */,
			);
			path = Horario;
			sourceTree = "<group>";
		};
		3771C7922C7BAC090021C624 /* Preview Content */ = {
			isa = PBXGroup;
			children = (
				3771C7932C7BAC090021C624 /* Preview Assets.xcassets */,
			);
			path = "Preview Content";
			sourceTree = "<group>";
		};
		3771C79A2C7BAC650021C624 /* View */ = {
			isa = PBXGroup;
			children = (
				3771C79C2C7BAC810021C624 /* Home.swift */,
				3771C7AA2C7D55D90021C624 /* TaskRowView.swift */,
				3771C7AC2C7D6D440021C624 /* NewTaskView.swift */,
			);
			path = View;
			sourceTree = "<group>";
		};
		3771C79E2C7BACC40021C624 /* Model */ = {
			isa = PBXGroup;
			children = (
				3771C79F2C7BACD00021C624 /* Task.swift */,
			);
			path = Model;
			sourceTree = "<group>";
		};
		3771C7A32C7BAD630021C624 /* Helpers */ = {
			isa = PBXGroup;
			children = (
				3771C7A42C7BAD720021C624 /* Date+Extensions.swift */,
				3771C7A52C7BAD720021C624 /* View+Extensions.swift */,
				3771C7A82C7D4D560021C624 /* OffsetKey.swift */,
			);
			path = Helpers;
			sourceTree = "<group>";
		};
/* End PBXGroup section */

/* Begin PBXNativeTarget section */
		3771C7882C7BAC080021C624 /* Horario */ = {
			isa = PBXNativeTarget;
			buildConfigurationList = 3771C7972C7BAC090021C624 /* Build configuration list for PBXNativeTarget "Horario" */;
			buildPhases = (
				3771C7852C7BAC080021C624 /* Sources */,
				3771C7862C7BAC080021C624 /* Frameworks */,
				3771C7872C7BAC080021C624 /* Resources */,
			);
			buildRules = (
			);
			dependencies = (
			);
			name = Horario;
			productName = Horario;
			productReference = 3771C7892C7BAC080021C624 /* Horario.app */;
			productType = "com.apple.product-type.application";
		};
/* End PBXNativeTarget section */

/* Begin PBXProject section */
		3771C7812C7BAC080021C624 /* Project object */ = {
			isa = PBXProject;
			attributes = {
				BuildIndependentTargetsInParallel = 1;
				LastSwiftUpdateCheck = 1540;
				LastUpgradeCheck = 1540;
				TargetAttributes = {
					3771C7882C7BAC080021C624 = {
						CreatedOnToolsVersion = 15.4;
					};
				};
			};
			buildConfigurationList = 3771C7842C7BAC080021C624 /* Build configuration list for PBXProject "Horario" */;
			compatibilityVersion = "Xcode 14.0";
			developmentRegion = en;
			hasScannedForEncodings = 0;
			knownRegions = (
				en,
				Base,
			);
			mainGroup = 3771C7802C7BAC080021C624;
			productRefGroup = 3771C78A2C7BAC080021C624 /* Products */;
			projectDirPath = "";
			projectRoot = "";
			targets = (
				3771C7882C7BAC080021C624 /* Horario */,
			);
		};
/* End PBXProject section */

/* Begin PBXResourcesBuildPhase section */
		3771C7872C7BAC080021C624 /* Resources */ = {
			isa = PBXResourcesBuildPhase;
			buildActionMask = 2147483647;
			files = (
				3771C7942C7BAC090021C624 /* Preview Assets.xcassets in Resources */,
				3771C7912C7BAC090021C624 /* Assets.xcassets in Resources */,
			);
			runOnlyForDeploymentPostprocessing = 0;
		};
/* End PBXResourcesBuildPhase section */

/* Begin PBXSourcesBuildPhase section */
		3771C7852C7BAC080021C624 /* Sources */ = {
			isa = PBXSourcesBuildPhase;
			buildActionMask = 2147483647;
			files = (
				3771C7A02C7BACD00021C624 /* Task.swift in Sources */,
				3771C78F2C7BAC080021C624 /* ContentView.swift in Sources */,
				3771C7AD2C7D6D440021C624 /* NewTaskView.swift in Sources */,
				3771C7AB2C7D55D90021C624 /* TaskRowView.swift in Sources */,
				3771C79D2C7BAC810021C624 /* Home.swift in Sources */,
				3771C7A92C7D4D560021C624 /* OffsetKey.swift in Sources */,
				3771C7A62C7BAD720021C624 /* Date+Extensions.swift in Sources */,
				3771C7A72C7BAD720021C624 /* View+Extensions.swift in Sources */,
				3771C78D2C7BAC080021C624 /* HorarioApp.swift in Sources */,
			);
			runOnlyForDeploymentPostprocessing = 0;
		};
/* End PBXSourcesBuildPhase section */

/* Begin XCBuildConfiguration section */
		3771C7952C7BAC090021C624 /* Debug */ = {
			isa = XCBuildConfiguration;
			buildSettings = {
				ALWAYS_SEARCH_USER_PATHS = NO;
				ASSETCATALOG_COMPILER_GENERATE_SWIFT_ASSET_SYMBOL_EXTENSIONS = YES;
				CLANG_ANALYZER_NONNULL = YES;
				CLANG_ANALYZER_NUMBER_OBJECT_CONVERSION = YES_AGGRESSIVE;
				CLANG_CXX_LANGUAGE_STANDARD = "gnu++20";
				CLANG_ENABLE_MODULES = YES;
				CLANG_ENABLE_OBJC_ARC = YES;
				CLANG_ENABLE_OBJC_WEAK = YES;
				CLANG_WARN_BLOCK_CAPTURE_AUTORELEASING = YES;
				CLANG_WARN_BOOL_CONVERSION = YES;
				CLANG_WARN_COMMA = YES;
				CLANG_WARN_CONSTANT_CONVERSION = YES;
				CLANG_WARN_DEPRECATED_OBJC_IMPLEMENTATIONS = YES;
				CLANG_WARN_DIRECT_OBJC_ISA_USAGE = YES_ERROR;
				CLANG_WARN_DOCUMENTATION_COMMENTS = YES;
				CLANG_WARN_EMPTY_BODY = YES;
				CLANG_WARN_ENUM_CONVERSION = YES;
				CLANG_WARN_INFINITE_RECURSION = YES;
				CLANG_WARN_INT_CONVERSION = YES;
				CLANG_WARN_NON_LITERAL_NULL_CONVERSION = YES;
				CLANG_WARN_OBJC_IMPLICIT_RETAIN_SELF = YES;
				CLANG_WARN_OBJC_LITERAL_CONVERSION = YES;
				CLANG_WARN_OBJC_ROOT_CLASS = YES_ERROR;
				CLANG_WARN_QUOTED_INCLUDE_IN_FRAMEWORK_HEADER = YES;
				CLANG_WARN_RANGE_LOOP_ANALYSIS = YES;
				CLANG_WARN_STRICT_PROTOTYPES = YES;
				CLANG_WARN_SUSPICIOUS_MOVE = YES;
				CLANG_WARN_UNGUARDED_AVAILABILITY = YES_AGGRESSIVE;
				CLANG_WARN_UNREACHABLE_CODE = YES;
				CLANG_WARN__DUPLICATE_METHOD_MATCH = YES;
				COPY_PHASE_STRIP = NO;
				DEBUG_INFORMATION_FORMAT = dwarf;
				ENABLE_STRICT_OBJC_MSGSEND = YES;
				ENABLE_TESTABILITY = YES;
				ENABLE_USER_SCRIPT_SANDBOXING = YES;
				GCC_C_LANGUAGE_STANDARD = gnu17;
				GCC_DYNAMIC_NO_PIC = NO;
				GCC_NO_COMMON_BLOCKS = YES;
				GCC_OPTIMIZATION_LEVEL = 0;
				GCC_PREPROCESSOR_DEFINITIONS = (
					"DEBUG=1",
					"$(inherited)",
				);
				GCC_WARN_64_TO_32_BIT_CONVERSION = YES;
				GCC_WARN_ABOUT_RETURN_TYPE = YES_ERROR;
				GCC_WARN_UNDECLARED_SELECTOR = YES;
				GCC_WARN_UNINITIALIZED_AUTOS = YES_AGGRESSIVE;
				GCC_WARN_UNUSED_FUNCTION = YES;
				GCC_WARN_UNUSED_VARIABLE = YES;
				IPHONEOS_DEPLOYMENT_TARGET = 17.5;
				LOCALIZATION_PREFERS_STRING_CATALOGS = YES;
				MTL_ENABLE_DEBUG_INFO = INCLUDE_SOURCE;
				MTL_FAST_MATH = YES;
				ONLY_ACTIVE_ARCH = YES;
				SDKROOT = iphoneos;
				SWIFT_ACTIVE_COMPILATION_CONDITIONS = "DEBUG $(inherited)";
				SWIFT_OPTIMIZATION_LEVEL = "-Onone";
			};
			name = Debug;
		};
		3771C7962C7BAC090021C624 /* Release */ = {
			isa = XCBuildConfiguration;
			buildSettings = {
				ALWAYS_SEARCH_USER_PATHS = NO;
				ASSETCATALOG_COMPILER_GENERATE_SWIFT_ASSET_SYMBOL_EXTENSIONS = YES;
				CLANG_ANALYZER_NONNULL = YES;
				CLANG_ANALYZER_NUMBER_OBJECT_CONVERSION = YES_AGGRESSIVE;
				CLANG_CXX_LANGUAGE_STANDARD = "gnu++20";
				CLANG_ENABLE_MODULES = YES;
				CLANG_ENABLE_OBJC_ARC = YES;
				CLANG_ENABLE_OBJC_WEAK = YES;
				CLANG_WARN_BLOCK_CAPTURE_AUTORELEASING = YES;
				CLANG_WARN_BOOL_CONVERSION = YES;
				CLANG_WARN_COMMA = YES;
				CLANG_WARN_CONSTANT_CONVERSION = YES;
				CLANG_WARN_DEPRECATED_OBJC_IMPLEMENTATIONS = YES;
				CLANG_WARN_DIRECT_OBJC_ISA_USAGE = YES_ERROR;
				CLANG_WARN_DOCUMENTATION_COMMENTS = YES;
				CLANG_WARN_EMPTY_BODY = YES;
				CLANG_WARN_ENUM_CONVERSION = YES;
				CLANG_WARN_INFINITE_RECURSION = YES;
				CLANG_WARN_INT_CONVERSION = YES;
				CLANG_WARN_NON_LITERAL_NULL_CONVERSION = YES;
				CLANG_WARN_OBJC_IMPLICIT_RETAIN_SELF = YES;
				CLANG_WARN_OBJC_LITERAL_CONVERSION = YES;
				CLANG_WARN_OBJC_ROOT_CLASS = YES_ERROR;
				CLANG_WARN_QUOTED_INCLUDE_IN_FRAMEWORK_HEADER = YES;
				CLANG_WARN_RANGE_LOOP_ANALYSIS = YES;
				CLANG_WARN_STRICT_PROTOTYPES = YES;
				CLANG_WARN_SUSPICIOUS_MOVE = YES;
				CLANG_WARN_UNGUARDED_AVAILABILITY = YES_AGGRESSIVE;
				CLANG_WARN_UNREACHABLE_CODE = YES;
				CLANG_WARN__DUPLICATE_METHOD_MATCH = YES;
				COPY_PHASE_STRIP = NO;
				DEBUG_INFORMATION_FORMAT = "dwarf-with-dsym";
				ENABLE_NS_ASSERTIONS = NO;
				ENABLE_STRICT_OBJC_MSGSEND = YES;
				ENABLE_USER_SCRIPT_SANDBOXING = YES;
				GCC_C_LANGUAGE_STANDARD = gnu17;
				GCC_NO_COMMON_BLOCKS = YES;
				GCC_WARN_64_TO_32_BIT_CONVERSION = YES;
				GCC_WARN_ABOUT_RETURN_TYPE = YES_ERROR;
				GCC_WARN_UNDECLARED_SELECTOR = YES;
				GCC_WARN_UNINITIALIZED_AUTOS = YES_AGGRESSIVE;
				GCC_WARN_UNUSED_FUNCTION = YES;
				GCC_WARN_UNUSED_VARIABLE = YES;
				IPHONEOS_DEPLOYMENT_TARGET = 17.5;
				LOCALIZATION_PREFERS_STRING_CATALOGS = YES;
				MTL_ENABLE_DEBUG_INFO = NO;
				MTL_FAST_MATH = YES;
				SDKROOT = iphoneos;
				SWIFT_COMPILATION_MODE = wholemodule;
				VALIDATE_PRODUCT = YES;
			};
			name = Release;
		};
		3771C7982C7BAC090021C624 /* Debug */ = {
			isa = XCBuildConfiguration;
			buildSettings = {
				ASSETCATALOG_COMPILER_APPICON_NAME = AppIcon;
				ASSETCATALOG_COMPILER_GLOBAL_ACCENT_COLOR_NAME = AccentColor;
				CODE_SIGN_STYLE = Automatic;
				CURRENT_PROJECT_VERSION = 1;
				DEVELOPMENT_ASSET_PATHS = "\"Horario/Preview Content\"";
				ENABLE_PREVIEWS = YES;
				GENERATE_INFOPLIST_FILE = YES;
				INFOPLIST_KEY_UIApplicationSceneManifest_Generation = YES;
				INFOPLIST_KEY_UIApplicationSupportsIndirectInputEvents = YES;
				INFOPLIST_KEY_UILaunchScreen_Generation = YES;
				INFOPLIST_KEY_UISupportedInterfaceOrientations_iPad = "UIInterfaceOrientationPortrait UIInterfaceOrientationPortraitUpsideDown UIInterfaceOrientationLandscapeLeft UIInterfaceOrientationLandscapeRight";
				INFOPLIST_KEY_UISupportedInterfaceOrientations_iPhone = "UIInterfaceOrientationPortrait UIInterfaceOrientationLandscapeLeft UIInterfaceOrientationLandscapeRight";
				LD_RUNPATH_SEARCH_PATHS = (
					"$(inherited)",
					"@executable_path/Frameworks",
				);
				MARKETING_VERSION = 1.0;
				PRODUCT_BUNDLE_IDENTIFIER = "-234.Horario";
				PRODUCT_NAME = "$(TARGET_NAME)";
				SWIFT_EMIT_LOC_STRINGS = YES;
				SWIFT_VERSION = 5.0;
				TARGETED_DEVICE_FAMILY = "1,2";
			};
			name = Debug;
		};
		3771C7992C7BAC090021C624 /* Release */ = {
			isa = XCBuildConfiguration;
			buildSettings = {
				ASSETCATALOG_COMPILER_APPICON_NAME = AppIcon;
				ASSETCATALOG_COMPILER_GLOBAL_ACCENT_COLOR_NAME = AccentColor;
				CODE_SIGN_STYLE = Automatic;
				CURRENT_PROJECT_VERSION = 1;
				DEVELOPMENT_ASSET_PATHS = "\"Horario/Preview Content\"";
				ENABLE_PREVIEWS = YES;
				GENERATE_INFOPLIST_FILE = YES;
				INFOPLIST_KEY_UIApplicationSceneManifest_Generation = YES;
				INFOPLIST_KEY_UIApplicationSupportsIndirectInputEvents = YES;
				INFOPLIST_KEY_UILaunchScreen_Generation = YES;
				INFOPLIST_KEY_UISupportedInterfaceOrientations_iPad = "UIInterfaceOrientationPortrait UIInterfaceOrientationPortraitUpsideDown UIInterfaceOrientationLandscapeLeft UIInterfaceOrientationLandscapeRight";
				INFOPLIST_KEY_UISupportedInterfaceOrientations_iPhone = "UIInterfaceOrientationPortrait UIInterfaceOrientationLandscapeLeft UIInterfaceOrientationLandscapeRight";
				LD_RUNPATH_SEARCH_PATHS = (
					"$(inherited)",
					"@executable_path/Frameworks",
				);
				MARKETING_VERSION = 1.0;
				PRODUCT_BUNDLE_IDENTIFIER = "-234.Horario";
				PRODUCT_NAME = "$(TARGET_NAME)";
				SWIFT_EMIT_LOC_STRINGS = YES;
				SWIFT_VERSION = 5.0;
				TARGETED_DEVICE_FAMILY = "1,2";
			};
			name = Release;
		};
/* End XCBuildConfiguration section */

/* Begin XCConfigurationList section */
		3771C7842C7BAC080021C624 /* Build configuration list for PBXProject "Horario" */ = {
			isa = XCConfigurationList;
			buildConfigurations = (
				3771C7952C7BAC090021C624 /* Debug */,
				3771C7962C7BAC090021C624 /* Release */,
			);
			defaultConfigurationIsVisible = 0;
			defaultConfigurationName = Release;
		};
		3771C7972C7BAC090021C624 /* Build configuration list for PBXNativeTarget "Horario" */ = {
			isa = XCConfigurationList;
			buildConfigurations = (
				3771C7982C7BAC090021C624 /* Debug */,
				3771C7992C7BAC090021C624 /* Release */,
			);
			defaultConfigurationIsVisible = 0;
			defaultConfigurationName = Release;
		};
/* End XCConfigurationList section */
	};
	rootObject = 3771C7812C7BAC080021C624 /* Project object */;
}
